
Microsoft Visual Studio Solution File, Format Version 12.00
Project("{FAE04EC0-301F-11D3-BF4B-00C04F79EFBC}") = "MindBox", "MindBox\MindBox.csproj", "{6CC9FD8A-B3B5-4356-AEC3-E193C7903C4A}"
EndProject
Project("{FAE04EC0-301F-11D3-BF4B-00C04F79EFBC}") = "FiguresTest", "FiguresTest\FiguresTest.csproj", "{A33547E2-5761-464C-9D48-E4CBF43FD201}"
EndProject
Global
	GlobalSection(SolutionConfigurationPlatforms) = preSolution
		Debug|Any CPU = Debug|Any CPU
		Release|Any CPU = Release|Any CPU
	EndGlobalSection
	GlobalSection(ProjectConfigurationPlatforms) = postSolution
		{6CC9FD8A-B3B5-4356-AEC3-E193C7903C4A}.Debug|Any CPU.ActiveCfg = Debug|Any CPU
		{6CC9FD8A-B3B5-4356-AEC3-E193C7903C4A}.Debug|Any CPU.Build.0 = Debug|Any CPU
		{6CC9FD8A-B3B5-4356-AEC3-E193C7903C4A}.Release|Any CPU.ActiveCfg = Release|Any CPU
		{6CC9FD8A-B3B5-4356-AEC3-E193C7903C4A}.Release|Any CPU.Build.0 = Release|Any CPU
		{A33547E2-5761-464C-9D48-E4CBF43FD201}.Debug|Any CPU.ActiveCfg = Debug|Any CPU
		{A33547E2-5761-464C-9D48-E4CBF43FD201}.Debug|Any CPU.Build.0 = Debug|Any CPU
		{A33547E2-5761-464C-9D48-E4CBF43FD201}.Release|Any CPU.ActiveCfg = Release|Any CPU
		{A33547E2-5761-464C-9D48-E4CBF43FD201}.Release|Any CPU.Build.0 = Release|Any CPU
	EndGlobalSection
EndGlobal
